# This file is automatically @generated by Wally.
# It is not intended for manual editing.
registry = "test"

[[package]]
name = "1legendrblx/repertoire"
version = "1.3.1"
dependencies = [["Promise", "howmanysmall/typed-promise@4.0.6"], ["Signal", "sleitnick/signal@2.0.3"]]

[[package]]
name = "evaera/promise"
version = "4.0.0"
dependencies = []

[[package]]
name = "howmanysmall/janitor"
version = "1.18.3"
dependencies = [["Promise", "howmanysmall/typed-promise@4.0.6"]]

[[package]]
name = "howmanysmall/typed-promise"
version = "4.0.6"
dependencies = [["Promise", "evaera/promise@4.0.0"]]

[[package]]
name = "jaeymo/2026-rojam-entry"
version = "0.1.0"
dependencies = [["better-animation", "jaeymo/better-animation@1.0.0"], ["classy", "jaeymo/classy@1.7.7"], ["jaegar", "jaeymo/jaegar@1.6.1"], ["janitor", "howmanysmall/janitor@1.18.3"], ["packet", "jaeymo/suphi-packet@0.1.0"], ["repertoire", "1legendrblx/repertoire@1.3.1"], ["resource-allocator", "jaeymo/resource-allocator@0.1.1"], ["signal", "sleitnick/signal@2.0.3"], ["spring", "jaeymo/spring@1.0.1"], ["typed-promise", "howmanysmall/typed-promise@4.0.6"], ["viewer", "jaeymo/viewer@0.1.0"]]

[[package]]
name = "jaeymo/better-animation"
version = "1.0.0"
dependencies = []

[[package]]
name = "jaeymo/classy"
version = "1.7.7"
dependencies = [["Janitor", "howmanysmall/janitor@1.18.3"], ["Signal", "sleitnick/signal@2.0.3"]]

[[package]]
name = "jaeymo/jaegar"
version = "1.6.1"
dependencies = [["Packet", "jaeymo/suphi-packet@0.1.0"], ["Promise", "evaera/promise@4.0.0"], ["Signal", "sleitnick/signal@2.0.3"]]

[[package]]
name = "jaeymo/resource-allocator"
version = "0.1.1"
dependencies = []

[[package]]
name = "jaeymo/spring"
version = "1.0.1"
dependencies = []

[[package]]
name = "jaeymo/suphi-packet"
version = "0.1.0"
dependencies = []

[[package]]
name = "jaeymo/viewer"
version = "0.1.0"
dependencies = []

[[package]]
name = "sleitnick/signal"
version = "2.0.3"
dependencies = []
